PODS:
  - ngrvalidator (1.2.1)
  - UICKeyChainStore (1.1.1)
  - XLForm (3.2.0)

DEPENDENCIES:
  - ngrvalidator (~> 1.2.0)
  - UICKeyChainStore (~> 1.1)
  - XLForm (~> 3.0)

SPEC CHECKSUMS:
  ngrvalidator: ce34f275e1a9cddc78415f8b61abdb85134082bb
  UICKeyChainStore: 891bcd2fe687c92db8e648cba035c4e662ffa43e
  XLForm: 2250b4e96ab8ffa5f3355838c79edd90de451782

PODFILE CHECKSUM: e6601164273e3d72aa68edb05ed6b26af8e02b92

COCOAPODS: 1.0.1
